// !$*UTF8*$!
{
	archiveVersion = 1;
	classes = {
	};
	objectVersion = 50;
	objects = {

/* Begin PBXBuildFile section */
		52A8049520DA615C00C92819 /* AppDelegate.swift in Sources */ = {isa = PBXBuildFile; fileRef = 52A8049420DA615C00C92819 /* AppDelegate.swift */; };
		52A8049720DA615C00C92819 /* ViewController.swift in Sources */ = {isa = PBXBuildFile; fileRef = 52A8049620DA615C00C92819 /* ViewController.swift */; };
		52A8049A20DA615C00C92819 /* Main.storyboard in Resources */ = {isa = PBXBuildFile; fileRef = 52A8049820DA615C00C92819 /* Main.storyboard */; };
		52A8049C20DA615F00C92819 /* Assets.xcassets in Resources */ = {isa = PBXBuildFile; fileRef = 52A8049B20DA615F00C92819 /* Assets.xcassets */; };
		52A8049F20DA615F00C92819 /* LaunchScreen.storyboard in Resources */ = {isa = PBXBuildFile; fileRef = 52A8049D20DA615F00C92819 /* LaunchScreen.storyboard */; };
		52A804AA20DA615F00C92819 /* AppTests.swift in Sources */ = {isa = PBXBuildFile; fileRef = 52A804A920DA615F00C92819 /* AppTests.swift */; };
		52A804B520DA615F00C92819 /* AppUITests.swift in Sources */ = {isa = PBXBuildFile; fileRef = 52A804B420DA615F00C92819 /* AppUITests.swift */; };
		52A804EF20DA61B000C92819 /* Framework.framework in Frameworks */ = {isa = PBXBuildFile; fileRef = 52A804EC20DA619300C92819 /* Framework.framework */; };
		52A804F020DA61B000C92819 /* Framework.framework in Embed Frameworks */ = {isa = PBXBuildFile; fileRef = 52A804EC20DA619300C92819 /* Framework.framework */; settings = {ATTRIBUTES = (CodeSignOnCopy, RemoveHeadersOnCopy, ); }; };
/* End PBXBuildFile section */

/* Begin PBXContainerItemProxy section */
		52A804A620DA615F00C92819 /* PBXContainerItemProxy */ = {
			isa = PBXContainerItemProxy;
			containerPortal = 52A8048920DA615B00C92819 /* Project object */;
			proxyType = 1;
			remoteGlobalIDString = 52A8049020DA615B00C92819;
			remoteInfo = App;
		};
		52A804B120DA615F00C92819 /* PBXContainerItemProxy */ = {
			isa = PBXContainerItemProxy;
			containerPortal = 52A8048920DA615B00C92819 /* Project object */;
			proxyType = 1;
			remoteGlobalIDString = 52A8049020DA615B00C92819;
			remoteInfo = App;
		};
		52A804EB20DA619300C92819 /* PBXContainerItemProxy */ = {
			isa = PBXContainerItemProxy;
			containerPortal = 52A804E620DA619200C92819 /* Framework.xcodeproj */;
			proxyType = 2;
			remoteGlobalIDString = 52A804CC20DA619200C92819;
			remoteInfo = Framework;
		};
		52A804ED20DA619300C92819 /* PBXContainerItemProxy */ = {
			isa = PBXContainerItemProxy;
			containerPortal = 52A804E620DA619200C92819 /* Framework.xcodeproj */;
			proxyType = 2;
			remoteGlobalIDString = 52A804D520DA619200C92819;
			remoteInfo = FrameworkTests;
		};
		52A804F120DA61B000C92819 /* PBXContainerItemProxy */ = {
			isa = PBXContainerItemProxy;
			containerPortal = 52A804E620DA619200C92819 /* Framework.xcodeproj */;
			proxyType = 1;
			remoteGlobalIDString = 52A804CB20DA619200C92819;
			remoteInfo = Framework;
		};
/* End PBXContainerItemProxy section */

/* Begin PBXCopyFilesBuildPhase section */
		52A804F320DA61B100C92819 /* Embed Frameworks */ = {
			isa = PBXCopyFilesBuildPhase;
			buildActionMask = 2147483647;
			dstPath = "";
			dstSubfolderSpec = 10;
			files = (
				52A804F020DA61B000C92819 /* Framework.framework in Embed Frameworks */,
			);
			name = "Embed Frameworks";
			runOnlyForDeploymentPostprocessing = 0;
		};
/* End PBXCopyFilesBuildPhase section */

/* Begin PBXFileReference section */
		52A8049120DA615B00C92819 /* App.app */ = {isa = PBXFileReference; explicitFileType = wrapper.application; includeInIndex = 0; path = App.app; sourceTree = BUILT_PRODUCTS_DIR; };
		52A8049420DA615C00C92819 /* AppDelegate.swift */ = {isa = PBXFileReference; lastKnownFileType = sourcecode.swift; path = AppDelegate.swift; sourceTree = "<group>"; };
		52A8049620DA615C00C92819 /* ViewController.swift */ = {isa = PBXFileReference; lastKnownFileType = sourcecode.swift; path = ViewController.swift; sourceTree = "<group>"; };
		52A8049920DA615C00C92819 /* Base */ = {isa = PBXFileReference; lastKnownFileType = file.storyboard; name = Base; path = Base.lproj/Main.storyboard; sourceTree = "<group>"; };
		52A8049B20DA615F00C92819 /* Assets.xcassets */ = {isa = PBXFileReference; lastKnownFileType = folder.assetcatalog; path = Assets.xcassets; sourceTree = "<group>"; };
		52A8049E20DA615F00C92819 /* Base */ = {isa = PBXFileReference; lastKnownFileType = file.storyboard; name = Base; path = Base.lproj/LaunchScreen.storyboard; sourceTree = "<group>"; };
		52A804A020DA615F00C92819 /* Info.plist */ = {isa = PBXFileReference; lastKnownFileType = text.plist.xml; path = Info.plist; sourceTree = "<group>"; };
		52A804A520DA615F00C92819 /* AppTests.xctest */ = {isa = PBXFileReference; explicitFileType = wrapper.cfbundle; includeInIndex = 0; path = AppTests.xctest; sourceTree = BUILT_PRODUCTS_DIR; };
		52A804A920DA615F00C92819 /* AppTests.swift */ = {isa = PBXFileReference; lastKnownFileType = sourcecode.swift; path = AppTests.swift; sourceTree = "<group>"; };
		52A804AB20DA615F00C92819 /* Info.plist */ = {isa = PBXFileReference; lastKnownFileType = text.plist.xml; path = Info.plist; sourceTree = "<group>"; };
		52A804B020DA615F00C92819 /* AppUITests.xctest */ = {isa = PBXFileReference; explicitFileType = wrapper.cfbundle; includeInIndex = 0; path = AppUITests.xctest; sourceTree = BUILT_PRODUCTS_DIR; };
		52A804B420DA615F00C92819 /* AppUITests.swift */ = {isa = PBXFileReference; lastKnownFileType = sourcecode.swift; path = AppUITests.swift; sourceTree = "<group>"; };
		52A804B620DA615F00C92819 /* Info.plist */ = {isa = PBXFileReference; lastKnownFileType = text.plist.xml; path = Info.plist; sourceTree = "<group>"; };
		52A804E620DA619200C92819 /* Framework.xcodeproj */ = {isa = PBXFileReference; lastKnownFileType = "wrapper.pb-project"; name = Framework.xcodeproj; path = ../Framework/Framework.xcodeproj; sourceTree = "<group>"; };
		52A804F620DA62B800C92819 /* Playground.playground */ = {isa = PBXFileReference; lastKnownFileType = file.playground; name = Playground.playground; path = ../Playground.playground; sourceTree = "<group>"; xcLanguageSpecificationIdentifier = xcode.lang.swift; };
/* End PBXFileReference section */

/* Begin PBXFrameworksBuildPhase section */
		52A8048E20DA615B00C92819 /* Frameworks */ = {
			isa = PBXFrameworksBuildPhase;
			buildActionMask = 2147483647;
			files = (
				52A804EF20DA61B000C92819 /* Framework.framework in Frameworks */,
			);
			runOnlyForDeploymentPostprocessing = 0;
		};
		52A804A220DA615F00C92819 /* Frameworks */ = {
			isa = PBXFrameworksBuildPhase;
			buildActionMask = 2147483647;
			files = (
			);
			runOnlyForDeploymentPostprocessing = 0;
		};
		52A804AD20DA615F00C92819 /* Frameworks */ = {
			isa = PBXFrameworksBuildPhase;
			buildActionMask = 2147483647;
			files = (
			);
			runOnlyForDeploymentPostprocessing = 0;
		};
/* End PBXFrameworksBuildPhase section */

/* Begin PBXGroup section */
		52A8048820DA615B00C92819 = {
			isa = PBXGroup;
			children = (
				52A804F620DA62B800C92819 /* Playground.playground */,
				52A804E620DA619200C92819 /* Framework.xcodeproj */,
				52A8049320DA615B00C92819 /* App */,
				52A804A820DA615F00C92819 /* AppTests */,
				52A804B320DA615F00C92819 /* AppUITests */,
				52A8049220DA615B00C92819 /* Products */,
			);
			sourceTree = "<group>";
		};
		52A8049220DA615B00C92819 /* Products */ = {
			isa = PBXGroup;
			children = (
				52A8049120DA615B00C92819 /* App.app */,
				52A804A520DA615F00C92819 /* AppTests.xctest */,
				52A804B020DA615F00C92819 /* AppUITests.xctest */,
			);
			name = Products;
			sourceTree = "<group>";
		};
		52A8049320DA615B00C92819 /* App */ = {
			isa = PBXGroup;
			children = (
				52A8049420DA615C00C92819 /* AppDelegate.swift */,
				52A8049620DA615C00C92819 /* ViewController.swift */,
				52A8049820DA615C00C92819 /* Main.storyboard */,
				52A8049B20DA615F00C92819 /* Assets.xcassets */,
				52A8049D20DA615F00C92819 /* LaunchScreen.storyboard */,
				52A804A020DA615F00C92819 /* Info.plist */,
			);
			path = App;
			sourceTree = "<group>";
		};
		52A804A820DA615F00C92819 /* AppTests */ = {
			isa = PBXGroup;
			children = (
				52A804A920DA615F00C92819 /* AppTests.swift */,
				52A804AB20DA615F00C92819 /* Info.plist */,
			);
			path = AppTests;
			sourceTree = "<group>";
		};
		52A804B320DA615F00C92819 /* AppUITests */ = {
			isa = PBXGroup;
			children = (
				52A804B420DA615F00C92819 /* AppUITests.swift */,
				52A804B620DA615F00C92819 /* Info.plist */,
			);
			path = AppUITests;
			sourceTree = "<group>";
		};
		52A804E720DA619200C92819 /* Products */ = {
			isa = PBXGroup;
			children = (
				52A804EC20DA619300C92819 /* Framework.framework */,
				52A804EE20DA619300C92819 /* FrameworkTests.xctest */,
			);
			name = Products;
			sourceTree = "<group>";
		};
/* End PBXGroup section */

/* Begin PBXNativeTarget section */
		52A8049020DA615B00C92819 /* App */ = {
			isa = PBXNativeTarget;
			buildConfigurationList = 52A804B920DA615F00C92819 /* Build configuration list for PBXNativeTarget "App" */;
			buildPhases = (
				52A8048D20DA615B00C92819 /* Sources */,
				52A8048E20DA615B00C92819 /* Frameworks */,
				52A8048F20DA615B00C92819 /* Resources */,
				52A804F320DA61B100C92819 /* Embed Frameworks */,
			);
			buildRules = (
			);
			dependencies = (
				52A804F220DA61B000C92819 /* PBXTargetDependency */,
			);
			name = App;
			productName = App;
			productReference = 52A8049120DA615B00C92819 /* App.app */;
			productType = "com.apple.product-type.application";
		};
		52A804A420DA615F00C92819 /* AppTests */ = {
			isa = PBXNativeTarget;
			buildConfigurationList = 52A804BC20DA615F00C92819 /* Build configuration list for PBXNativeTarget "AppTests" */;
			buildPhases = (
				52A804A120DA615F00C92819 /* Sources */,
				52A804A220DA615F00C92819 /* Frameworks */,
				52A804A320DA615F00C92819 /* Resources */,
			);
			buildRules = (
			);
			dependencies = (
				52A804A720DA615F00C92819 /* PBXTargetDependency */,
			);
			name = AppTests;
			productName = AppTests;
			productReference = 52A804A520DA615F00C92819 /* AppTests.xctest */;
			productType = "com.apple.product-type.bundle.unit-test";
		};
		52A804AF20DA615F00C92819 /* AppUITests */ = {
			isa = PBXNativeTarget;
			buildConfigurationList = 52A804BF20DA615F00C92819 /* Build configuration list for PBXNativeTarget "AppUITests" */;
			buildPhases = (
				52A804AC20DA615F00C92819 /* Sources */,
				52A804AD20DA615F00C92819 /* Frameworks */,
				52A804AE20DA615F00C92819 /* Resources */,
			);
			buildRules = (
			);
			dependencies = (
				52A804B220DA615F00C92819 /* PBXTargetDependency */,
			);
			name = AppUITests;
			productName = AppUITests;
			productReference = 52A804B020DA615F00C92819 /* AppUITests.xctest */;
			productType = "com.apple.product-type.bundle.ui-testing";
		};
/* End PBXNativeTarget section */

/* Begin PBXProject section */
		52A8048920DA615B00C92819 /* Project object */ = {
			isa = PBXProject;
			attributes = {
				LastSwiftUpdateCheck = 0940;
				LastUpgradeCheck = 0940;
				ORGANIZATIONNAME = "Swift Aveiro";
				TargetAttributes = {
					52A8049020DA615B00C92819 = {
						CreatedOnToolsVersion = 9.4.1;
					};
					52A804A420DA615F00C92819 = {
						CreatedOnToolsVersion = 9.4.1;
						TestTargetID = 52A8049020DA615B00C92819;
					};
					52A804AF20DA615F00C92819 = {
						CreatedOnToolsVersion = 9.4.1;
						TestTargetID = 52A8049020DA615B00C92819;
					};
				};
			};
			buildConfigurationList = 52A8048C20DA615B00C92819 /* Build configuration list for PBXProject "App" */;
			compatibilityVersion = "Xcode 9.3";
			developmentRegion = en;
			hasScannedForEncodings = 0;
			knownRegions = (
				en,
				Base,
			);
			mainGroup = 52A8048820DA615B00C92819;
			productRefGroup = 52A8049220DA615B00C92819 /* Products */;
			projectDirPath = "";
			projectReferences = (
				{
					ProductGroup = 52A804E720DA619200C92819 /* Products */;
					ProjectRef = 52A804E620DA619200C92819 /* Framework.xcodeproj */;
				},
			);
			projectRoot = "";
			targets = (
				52A8049020DA615B00C92819 /* App */,
				52A804A420DA615F00C92819 /* AppTests */,
				52A804AF20DA615F00C92819 /* AppUITests */,
			);
		};
/* End PBXProject section */

/* Begin PBXReferenceProxy section */
		52A804EC20DA619300C92819 /* Framework.framework */ = {
			isa = PBXReferenceProxy;
			fileType = wrapper.framework;
			path = Framework.framework;
			remoteRef = 52A804EB20DA619300C92819 /* PBXContainerItemProxy */;
			sourceTree = BUILT_PRODUCTS_DIR;
		};
		52A804EE20DA619300C92819 /* FrameworkTests.xctest */ = {
			isa = PBXReferenceProxy;
			fileType = wrapper.cfbundle;
			path = FrameworkTests.xctest;
			remoteRef = 52A804ED20DA619300C92819 /* PBXContainerItemProxy */;
			sourceTree = BUILT_PRODUCTS_DIR;
		};
/* End PBXReferenceProxy section */

/* Begin PBXResourcesBuildPhase section */
		52A8048F20DA615B00C92819 /* Resources */ = {
			isa = PBXResourcesBuildPhase;
			buildActionMask = 2147483647;
			files = (
				52A8049F20DA615F00C92819 /* LaunchScreen.storyboard in Resources */,
				52A8049C20DA615F00C92819 /* Assets.xcassets in Resources */,
				52A8049A20DA615C00C92819 /* Main.storyboard in Resources */,
			);
			runOnlyForDeploymentPostprocessing = 0;
		};
		52A804A320DA615F00C92819 /* Resources */ = {
			isa = PBXResourcesBuildPhase;
			buildActionMask = 2147483647;
			files = (
			);
			runOnlyForDeploymentPostprocessing = 0;
		};
		52A804AE20DA615F00C92819 /* Resources */ = {
			isa = PBXResourcesBuildPhase;
			buildActionMask = 2147483647;
			files = (
			);
			runOnlyForDeploymentPostprocessing = 0;
		};
/* End PBXResourcesBuildPhase section */

/* Begin PBXSourcesBuildPhase section */
		52A8048D20DA615B00C92819 /* Sources */ = {
			isa = PBXSourcesBuildPhase;
			buildActionMask = 2147483647;
			files = (
				52A8049720DA615C00C92819 /* ViewController.swift in Sources */,
				52A8049520DA615C00C92819 /* AppDelegate.swift in Sources */,
			);
			runOnlyForDeploymentPostprocessing = 0;
		};
		52A804A120DA615F00C92819 /* Sources */ = {
			isa = PBXSourcesBuildPhase;
			buildActionMask = 2147483647;
			files = (
				52A804AA20DA615F00C92819 /* AppTests.swift in Sources */,
			);
			runOnlyForDeploymentPostprocessing = 0;
		};
		52A804AC20DA615F00C92819 /* Sources */ = {
			isa = PBXSourcesBuildPhase;
			buildActionMask = 2147483647;
			files = (
				52A804B520DA615F00C92819 /* AppUITests.swift in Sources */,
			);
			runOnlyForDeploymentPostprocessing = 0;
		};
/* End PBXSourcesBuildPhase section */

/* Begin PBXTargetDependency section */
		52A804A720DA615F00C92819 /* PBXTargetDependency */ = {
			isa = PBXTargetDependency;
			target = 52A8049020DA615B00C92819 /* App */;
			targetProxy = 52A804A620DA615F00C92819 /* PBXContainerItemProxy */;
		};
		52A804B220DA615F00C92819 /* PBXTargetDependency */ = {
			isa = PBXTargetDependency;
			target = 52A8049020DA615B00C92819 /* App */;
			targetProxy = 52A804B120DA615F00C92819 /* PBXContainerItemProxy */;
		};
		52A804F220DA61B000C92819 /* PBXTargetDependency */ = {
			isa = PBXTargetDependency;
			name = Framework;
			targetProxy = 52A804F120DA61B000C92819 /* PBXContainerItemProxy */;
		};
/* End PBXTargetDependency section */

/* Begin PBXVariantGroup section */
		52A8049820DA615C00C92819 /* Main.storyboard */ = {
			isa = PBXVariantGroup;
			children = (
				52A8049920DA615C00C92819 /* Base */,
			);
			name = Main.storyboard;
			sourceTree = "<group>";
		};
		52A8049D20DA615F00C92819 /* LaunchScreen.storyboard */ = {
			isa = PBXVariantGroup;
			children = (
				52A8049E20DA615F00C92819 /* Base */,
			);
			name = LaunchScreen.storyboard;
			sourceTree = "<group>";
		};
/* End PBXVariantGroup section */

/* Begin XCBuildConfiguration section */
		52A804B720DA615F00C92819 /* Debug */ = {
			isa = XCBuildConfiguration;
			buildSettings = {
				ALWAYS_SEARCH_USER_PATHS = NO;
				CLANG_ANALYZER_NONNULL = YES;
				CLANG_ANALYZER_NUMBER_OBJECT_CONVERSION = YES_AGGRESSIVE;
				CLANG_CXX_LANGUAGE_STANDARD = "gnu++14";
				CLANG_CXX_LIBRARY = "libc++";
				CLANG_ENABLE_MODULES = YES;
				CLANG_ENABLE_OBJC_ARC = YES;
				CLANG_ENABLE_OBJC_WEAK = YES;
				CLANG_WARN_BLOCK_CAPTURE_AUTORELEASING = YES;
				CLANG_WARN_BOOL_CONVERSION = YES;
				CLANG_WARN_COMMA = YES;
				CLANG_WARN_CONSTANT_CONVERSION = YES;
				CLANG_WARN_DEPRECATED_OBJC_IMPLEMENTATIONS = YES;
				CLANG_WARN_DIRECT_OBJC_ISA_USAGE = YES_ERROR;
				CLANG_WARN_DOCUMENTATION_COMMENTS = YES;
				CLANG_WARN_EMPTY_BODY = YES;
				CLANG_WARN_ENUM_CONVERSION = YES;
				CLANG_WARN_INFINITE_RECURSION = YES;
				CLANG_WARN_INT_CONVERSION = YES;
				CLANG_WARN_NON_LITERAL_NULL_CONVERSION = YES;
				CLANG_WARN_OBJC_IMPLICIT_RETAIN_SELF = YES;
				CLANG_WARN_OBJC_LITERAL_CONVERSION = YES;
				CLANG_WARN_OBJC_ROOT_CLASS = YES_ERROR;
				CLANG_WARN_RANGE_LOOP_ANALYSIS = YES;
				CLANG_WARN_STRICT_PROTOTYPES = YES;
				CLANG_WARN_SUSPICIOUS_MOVE = YES;
				CLANG_WARN_UNGUARDED_AVAILABILITY = YES_AGGRESSIVE;
				CLANG_WARN_UNREACHABLE_CODE = YES;
				CLANG_WARN__DUPLICATE_METHOD_MATCH = YES;
				CODE_SIGN_IDENTITY = "iPhone Developer";
				COPY_PHASE_STRIP = NO;
				DEBUG_INFORMATION_FORMAT = dwarf;
				ENABLE_STRICT_OBJC_MSGSEND = YES;
				ENABLE_TESTABILITY = YES;
				GCC_C_LANGUAGE_STANDARD = gnu11;
				GCC_DYNAMIC_NO_PIC = NO;
				GCC_NO_COMMON_BLOCKS = YES;
				GCC_OPTIMIZATION_LEVEL = 0;
				GCC_PREPROCESSOR_DEFINITIONS = (
					"DEBUG=1",
					"$(inherited)",
				);
				GCC_WARN_64_TO_32_BIT_CONVERSION = YES;
				GCC_WARN_ABOUT_RETURN_TYPE = YES_ERROR;
				GCC_WARN_UNDECLARED_SELECTOR = YES;
				GCC_WARN_UNINITIALIZED_AUTOS = YES_AGGRESSIVE;
				GCC_WARN_UNUSED_FUNCTION = YES;
				GCC_WARN_UNUSED_VARIABLE = YES;
				IPHONEOS_DEPLOYMENT_TARGET = 11.4;
				MTL_ENABLE_DEBUG_INFO = YES;
				ONLY_ACTIVE_ARCH = YES;
				SDKROOT = iphoneos;
				SWIFT_ACTIVE_COMPILATION_CONDITIONS = DEBUG;
				SWIFT_OPTIMIZATION_LEVEL = "-Onone";
			};
			name = Debug;
		};
		52A804B820DA615F00C92819 /* Release */ = {
			isa = XCBuildConfiguration;
			buildSettings = {
				ALWAYS_SEARCH_USER_PATHS = NO;
				CLANG_ANALYZER_NONNULL = YES;
				CLANG_ANALYZER_NUMBER_OBJECT_CONVERSION = YES_AGGRESSIVE;
				CLANG_CXX_LANGUAGE_STANDARD = "gnu++14";
				CLANG_CXX_LIBRARY = "libc++";
				CLANG_ENABLE_MODULES = YES;
				CLANG_ENABLE_OBJC_ARC = YES;
				CLANG_ENABLE_OBJC_WEAK = YES;
				CLANG_WARN_BLOCK_CAPTURE_AUTORELEASING = YES;
				CLANG_WARN_BOOL_CONVERSION = YES;
				CLANG_WARN_COMMA = YES;
				CLANG_WARN_CONSTANT_CONVERSION = YES;
				CLANG_WARN_DEPRECATED_OBJC_IMPLEMENTATIONS = YES;
				CLANG_WARN_DIRECT_OBJC_ISA_USAGE = YES_ERROR;
				CLANG_WARN_DOCUMENTATION_COMMENTS = YES;
				CLANG_WARN_EMPTY_BODY = YES;
				CLANG_WARN_ENUM_CONVERSION = YES;
				CLANG_WARN_INFINITE_RECURSION = YES;
				CLANG_WARN_INT_CONVERSION = YES;
				CLANG_WARN_NON_LITERAL_NULL_CONVERSION = YES;
				CLANG_WARN_OBJC_IMPLICIT_RETAIN_SELF = YES;
				CLANG_WARN_OBJC_LITERAL_CONVERSION = YES;
				CLANG_WARN_OBJC_ROOT_CLASS = YES_ERROR;
				CLANG_WARN_RANGE_LOOP_ANALYSIS = YES;
				CLANG_WARN_STRICT_PROTOTYPES = YES;
				CLANG_WARN_SUSPICIOUS_MOVE = YES;
				CLANG_WARN_UNGUARDED_AVAILABILITY = YES_AGGRESSIVE;
				CLANG_WARN_UNREACHABLE_CODE = YES;
				CLANG_WARN__DUPLICATE_METHOD_MATCH = YES;
				CODE_SIGN_IDENTITY = "iPhone Developer";
				COPY_PHASE_STRIP = NO;
				DEBUG_INFORMATION_FORMAT = "dwarf-with-dsym";
				ENABLE_NS_ASSERTIONS = NO;
				ENABLE_STRICT_OBJC_MSGSEND = YES;
				GCC_C_LANGUAGE_STANDARD = gnu11;
				GCC_NO_COMMON_BLOCKS = YES;
				GCC_WARN_64_TO_32_BIT_CONVERSION = YES;
				GCC_WARN_ABOUT_RETURN_TYPE = YES_ERROR;
				GCC_WARN_UNDECLARED_SELECTOR = YES;
				GCC_WARN_UNINITIALIZED_AUTOS = YES_AGGRESSIVE;
				GCC_WARN_UNUSED_FUNCTION = YES;
				GCC_WARN_UNUSED_VARIABLE = YES;
				IPHONEOS_DEPLOYMENT_TARGET = 11.4;
				MTL_ENABLE_DEBUG_INFO = NO;
				SDKROOT = iphoneos;
				SWIFT_COMPILATION_MODE = wholemodule;
				SWIFT_OPTIMIZATION_LEVEL = "-O";
				VALIDATE_PRODUCT = YES;
			};
			name = Release;
		};
		52A804BA20DA615F00C92819 /* Debug */ = {
			isa = XCBuildConfiguration;
			buildSettings = {
				ASSETCATALOG_COMPILER_APPICON_NAME = AppIcon;
				CODE_SIGN_STYLE = Automatic;
				INFOPLIST_FILE = App/Info.plist;
				LD_RUNPATH_SEARCH_PATHS = (
					"$(inherited)",
					"@executable_path/Frameworks",
				);
				PRODUCT_BUNDLE_IDENTIFIER = "com.swiftaverio.api-design.App";
				PRODUCT_NAME = "$(TARGET_NAME)";
				SWIFT_VERSION = 4.0;
				TARGETED_DEVICE_FAMILY = "1,2";
			};
			name = Debug;
		};
		52A804BB20DA615F00C92819 /* Release */ = {
			isa = XCBuildConfiguration;
			buildSettings = {
				ASSETCATALOG_COMPILER_APPICON_NAME = AppIcon;
				CODE_SIGN_STYLE = Automatic;
				INFOPLIST_FILE = App/Info.plist;
				LD_RUNPATH_SEARCH_PATHS = (
					"$(inherited)",
					"@executable_path/Frameworks",
				);
				PRODUCT_BUNDLE_IDENTIFIER = "com.swiftaverio.api-design.App";
				PRODUCT_NAME = "$(TARGET_NAME)";
				SWIFT_VERSION = 4.0;
				TARGETED_DEVICE_FAMILY = "1,2";
			};
			name = Release;
		};
		52A804BD20DA615F00C92819 /* Debug */ = {
			isa = XCBuildConfiguration;
			buildSettings = {
				ALWAYS_EMBED_SWIFT_STANDARD_LIBRARIES = YES;
				BUNDLE_LOADER = "$(TEST_HOST)";
				CODE_SIGN_STYLE = Automatic;
				INFOPLIST_FILE = AppTests/Info.plist;
				LD_RUNPATH_SEARCH_PATHS = (
					"$(inherited)",
					"@executable_path/Frameworks",
					"@loader_path/Frameworks",
				);
				PRODUCT_BUNDLE_IDENTIFIER = "com.swiftaverio.api-design.AppTests";
				PRODUCT_NAME = "$(TARGET_NAME)";
				SWIFT_VERSION = 4.0;
				TARGETED_DEVICE_FAMILY = "1,2";
				TEST_HOST = "$(BUILT_PRODUCTS_DIR)/App.app/App";
			};
			name = Debug;
		};
		52A804BE20DA615F00C92819 /* Release */ = {
			isa = XCBuildConfiguration;
			buildSettings = {
				ALWAYS_EMBED_SWIFT_STANDARD_LIBRARIES = YES;
				BUNDLE_LOADER = "$(TEST_HOST)";
				CODE_SIGN_STYLE = Automatic;
				INFOPLIST_FILE = AppTests/Info.plist;
				LD_RUNPATH_SEARCH_PATHS = (
					"$(inherited)",
					"@executable_path/Frameworks",
					"@loader_path/Frameworks",
				);
				PRODUCT_BUNDLE_IDENTIFIER = "com.swiftaverio.api-design.AppTests";
				PRODUCT_NAME = "$(TARGET_NAME)";
				SWIFT_VERSION = 4.0;
				TARGETED_DEVICE_FAMILY = "1,2";
				TEST_HOST = "$(BUILT_PRODUCTS_DIR)/App.app/App";
			};
			name = Release;
		};
		52A804C020DA615F00C92819 /* Debug */ = {
			isa = XCBuildConfiguration;
			buildSettings = {
				ALWAYS_EMBED_SWIFT_STANDARD_LIBRARIES = YES;
				CODE_SIGN_STYLE = Automatic;
				INFOPLIST_FILE = AppUITests/Info.plist;
				LD_RUNPATH_SEARCH_PATHS = (
					"$(inherited)",
					"@executable_path/Frameworks",
					"@loader_path/Frameworks",
				);
				PRODUCT_BUNDLE_IDENTIFIER = "com.swiftaverio.api-design.AppUITests";
				PRODUCT_NAME = "$(TARGET_NAME)";
				SWIFT_VERSION = 4.0;
				TARGETED_DEVICE_FAMILY = "1,2";
				TEST_TARGET_NAME = App;
			};
			name = Debug;
		};
		52A804C120DA615F00C92819 /* Release */ = {
			isa = XCBuildConfiguration;
			buildSettings = {
				ALWAYS_EMBED_SWIFT_STANDARD_LIBRARIES = YES;
				CODE_SIGN_STYLE = Automatic;
				INFOPLIST_FILE = AppUITests/Info.plist;
				LD_RUNPATH_SEARCH_PATHS = (
					"$(inherited)",
					"@executable_path/Frameworks",
					"@loader_path/Frameworks",
				);
				PRODUCT_BUNDLE_IDENTIFIER = "com.swiftaverio.api-design.AppUITests";
				PRODUCT_NAME = "$(TARGET_NAME)";
				SWIFT_VERSION = 4.0;
				TARGETED_DEVICE_FAMILY = "1,2";
				TEST_TARGET_NAME = App;
			};
			name = Release;
		};
/* End XCBuildConfiguration section */

/* Begin XCConfigurationList section */
		52A8048C20DA615B00C92819 /* Build configuration list for PBXProject "App" */ = {
			isa = XCConfigurationList;
			buildConfigurations = (
				52A804B720DA615F00C92819 /* Debug */,
				52A804B820DA615F00C92819 /* Release */,
			);
			defaultConfigurationIsVisible = 0;
			defaultConfigurationName = Release;
		};
		52A804B920DA615F00C92819 /* Build configuration list for PBXNativeTarget "App" */ = {
			isa = XCConfigurationList;
			buildConfigurations = (
				52A804BA20DA615F00C92819 /* Debug */,
				52A804BB20DA615F00C92819 /* Release */,
			);
			defaultConfigurationIsVisible = 0;
			defaultConfigurationName = Release;
		};
		52A804BC20DA615F00C92819 /* Build configuration list for PBXNativeTarget "AppTests" */ = {
			isa = XCConfigurationList;
			buildConfigurations = (
				52A804BD20DA615F00C92819 /* Debug */,
				52A804BE20DA615F00C92819 /* Release */,
			);
			defaultConfigurationIsVisible = 0;
			defaultConfigurationName = Release;
		};
		52A804BF20DA615F00C92819 /* Build configuration list for PBXNativeTarget "AppUITests" */ = {
			isa = XCConfigurationList;
			buildConfigurations = (
				52A804C020DA615F00C92819 /* Debug */,
				52A804C120DA615F00C92819 /* Release */,
			);
			defaultConfigurationIsVisible = 0;
			defaultConfigurationName = Release;
		};
/* End XCConfigurationList section */
	};
	rootObject = 52A8048920DA615B00C92819 /* Project object */;
}
